// !$*UTF8*$!
{
	archiveVersion = 1;
	classes = {
	};
	objectVersion = 46;
	objects = {

/* Begin PBXBuildFile section */
		393E1A951777FC7A0063A593 /* Foundation.framework in Frameworks */ = {isa = PBXBuildFile; fileRef = 393E1A941777FC7A0063A593 /* Foundation.framework */; };
		393E1A971777FC7A0063A593 /* CoreGraphics.framework in Frameworks */ = {isa = PBXBuildFile; fileRef = 393E1A961777FC7A0063A593 /* CoreGraphics.framework */; };
		393E1A991777FC7A0063A593 /* UIKit.framework in Frameworks */ = {isa = PBXBuildFile; fileRef = 393E1A981777FC7A0063A593 /* UIKit.framework */; };
		393E1A9F1777FC7A0063A593 /* InfoPlist.strings in Resources */ = {isa = PBXBuildFile; fileRef = 393E1A9D1777FC7A0063A593 /* InfoPlist.strings */; };
		393E1AA11777FC7A0063A593 /* main.m in Sources */ = {isa = PBXBuildFile; fileRef = 393E1AA01777FC7A0063A593 /* main.m */; };
		393E1AA51777FC7A0063A593 /* NJAppDelegate.m in Sources */ = {isa = PBXBuildFile; fileRef = 393E1AA41777FC7A0063A593 /* NJAppDelegate.m */; };
		393E1AA81777FC7A0063A593 /* Main.storyboard in Resources */ = {isa = PBXBuildFile; fileRef = 393E1AA61777FC7A0063A593 /* Main.storyboard */; };
		393E1AAB1777FC7A0063A593 /* NJFirstViewController.m in Sources */ = {isa = PBXBuildFile; fileRef = 393E1AAA1777FC7A0063A593 /* NJFirstViewController.m */; };
		393E1AAE1777FC7A0063A593 /* NJSecondViewController.m in Sources */ = {isa = PBXBuildFile; fileRef = 393E1AAD1777FC7A0063A593 /* NJSecondViewController.m */; };
		393E1AB01777FC7A0063A593 /* Images.xcassets in Resources */ = {isa = PBXBuildFile; fileRef = 393E1AAF1777FC7A0063A593 /* Images.xcassets */; };
		393E1AB71777FC7B0063A593 /* XCTest.framework in Frameworks */ = {isa = PBXBuildFile; fileRef = 393E1AB61777FC7A0063A593 /* XCTest.framework */; };
		393E1AB81777FC7B0063A593 /* Foundation.framework in Frameworks */ = {isa = PBXBuildFile; fileRef = 393E1A941777FC7A0063A593 /* Foundation.framework */; };
		393E1AB91777FC7B0063A593 /* UIKit.framework in Frameworks */ = {isa = PBXBuildFile; fileRef = 393E1A981777FC7A0063A593 /* UIKit.framework */; };
		393E1AC11777FC7B0063A593 /* InfoPlist.strings in Resources */ = {isa = PBXBuildFile; fileRef = 393E1ABF1777FC7B0063A593 /* InfoPlist.strings */; };
		393E1AC31777FC7B0063A593 /* JSProcessingTests.m in Sources */ = {isa = PBXBuildFile; fileRef = 393E1AC21777FC7B0063A593 /* JSProcessingTests.m */; };
		393E1ACD177815AC0063A593 /* JavaScriptCore.framework in Frameworks */ = {isa = PBXBuildFile; fileRef = 393E1ACC177815AC0063A593 /* JavaScriptCore.framework */; };
		393E1AD017781B840063A593 /* NJJavascriptInterpreter.m in Sources */ = {isa = PBXBuildFile; fileRef = 393E1ACF177816990063A593 /* NJJavascriptInterpreter.m */; };
		3944D61317783FFE00240908 /* NJView.m in Sources */ = {isa = PBXBuildFile; fileRef = 3944D61217783CEB00240908 /* NJView.m */; };
		39725EB717798164005CA47E /* clock.js in Resources */ = {isa = PBXBuildFile; fileRef = 39725EB61779800F005CA47E /* clock.js */; };
		39725EBE1779A1C4005CA47E /* apple.png in Resources */ = {isa = PBXBuildFile; fileRef = 39725EBD1779A1C4005CA47E /* apple.png */; };
		39725EC0177A8FEB005CA47E /* checkeredFlag.js in Resources */ = {isa = PBXBuildFile; fileRef = 39725EBF177A8FDF005CA47E /* checkeredFlag.js */; };
/* End PBXBuildFile section */

/* Begin PBXContainerItemProxy section */
		393E1ABA1777FC7B0063A593 /* PBXContainerItemProxy */ = {
			isa = PBXContainerItemProxy;
			containerPortal = 393E1A891777FC7A0063A593 /* Project object */;
			proxyType = 1;
			remoteGlobalIDString = 393E1A901777FC7A0063A593;
			remoteInfo = JSProcessing;
		};
/* End PBXContainerItemProxy section */

/* Begin PBXFileReference section */
		393E1A911777FC7A0063A593 /* JSProcessing.app */ = {isa = PBXFileReference; explicitFileType = wrapper.application; includeInIndex = 0; path = JSProcessing.app; sourceTree = BUILT_PRODUCTS_DIR; };
		393E1A941777FC7A0063A593 /* Foundation.framework */ = {isa = PBXFileReference; lastKnownFileType = wrapper.framework; name = Foundation.framework; path = System/Library/Frameworks/Foundation.framework; sourceTree = SDKROOT; };
		393E1A961777FC7A0063A593 /* CoreGraphics.framework */ = {isa = PBXFileReference; lastKnownFileType = wrapper.framework; name = CoreGraphics.framework; path = System/Library/Frameworks/CoreGraphics.framework; sourceTree = SDKROOT; };
		393E1A981777FC7A0063A593 /* UIKit.framework */ = {isa = PBXFileReference; lastKnownFileType = wrapper.framework; name = UIKit.framework; path = System/Library/Frameworks/UIKit.framework; sourceTree = SDKROOT; };
		393E1A9C1777FC7A0063A593 /* JSProcessing-Info.plist */ = {isa = PBXFileReference; lastKnownFileType = text.plist.xml; path = "JSProcessing-Info.plist"; sourceTree = "<group>"; };
		393E1A9E1777FC7A0063A593 /* en */ = {isa = PBXFileReference; lastKnownFileType = text.plist.strings; name = en; path = en.lproj/InfoPlist.strings; sourceTree = "<group>"; };
		393E1AA01777FC7A0063A593 /* main.m */ = {isa = PBXFileReference; lastKnownFileType = sourcecode.c.objc; path = main.m; sourceTree = "<group>"; };
		393E1AA21777FC7A0063A593 /* JSProcessing-Prefix.pch */ = {isa = PBXFileReference; lastKnownFileType = sourcecode.c.h; path = "JSProcessing-Prefix.pch"; sourceTree = "<group>"; };
		393E1AA31777FC7A0063A593 /* NJAppDelegate.h */ = {isa = PBXFileReference; lastKnownFileType = sourcecode.c.h; path = NJAppDelegate.h; sourceTree = "<group>"; };
		393E1AA41777FC7A0063A593 /* NJAppDelegate.m */ = {isa = PBXFileReference; lastKnownFileType = sourcecode.c.objc; path = NJAppDelegate.m; sourceTree = "<group>"; };
		393E1AA71777FC7A0063A593 /* Base */ = {isa = PBXFileReference; lastKnownFileType = file.storyboard; name = Base; path = Base.lproj/Main.storyboard; sourceTree = "<group>"; };
		393E1AA91777FC7A0063A593 /* NJFirstViewController.h */ = {isa = PBXFileReference; lastKnownFileType = sourcecode.c.h; path = NJFirstViewController.h; sourceTree = "<group>"; };
		393E1AAA1777FC7A0063A593 /* NJFirstViewController.m */ = {isa = PBXFileReference; lastKnownFileType = sourcecode.c.objc; path = NJFirstViewController.m; sourceTree = "<group>"; };
		393E1AAC1777FC7A0063A593 /* NJSecondViewController.h */ = {isa = PBXFileReference; lastKnownFileType = sourcecode.c.h; path = NJSecondViewController.h; sourceTree = "<group>"; };
		393E1AAD1777FC7A0063A593 /* NJSecondViewController.m */ = {isa = PBXFileReference; lastKnownFileType = sourcecode.c.objc; path = NJSecondViewController.m; sourceTree = "<group>"; };
		393E1AAF1777FC7A0063A593 /* Images.xcassets */ = {isa = PBXFileReference; lastKnownFileType = folder.assetcatalog; path = Images.xcassets; sourceTree = "<group>"; };
		393E1AB51777FC7A0063A593 /* JSProcessingTests.xctest */ = {isa = PBXFileReference; explicitFileType = wrapper.cfbundle; includeInIndex = 0; path = JSProcessingTests.xctest; sourceTree = BUILT_PRODUCTS_DIR; };
		393E1AB61777FC7A0063A593 /* XCTest.framework */ = {isa = PBXFileReference; lastKnownFileType = wrapper.framework; name = XCTest.framework; path = Library/Frameworks/XCTest.framework; sourceTree = DEVELOPER_DIR; };
		393E1ABE1777FC7B0063A593 /* JSProcessingTests-Info.plist */ = {isa = PBXFileReference; lastKnownFileType = text.plist.xml; path = "JSProcessingTests-Info.plist"; sourceTree = "<group>"; };
		393E1AC01777FC7B0063A593 /* en */ = {isa = PBXFileReference; lastKnownFileType = text.plist.strings; name = en; path = en.lproj/InfoPlist.strings; sourceTree = "<group>"; };
		393E1AC21777FC7B0063A593 /* JSProcessingTests.m */ = {isa = PBXFileReference; lastKnownFileType = sourcecode.c.objc; path = JSProcessingTests.m; sourceTree = "<group>"; };
		393E1ACC177815AC0063A593 /* JavaScriptCore.framework */ = {isa = PBXFileReference; lastKnownFileType = wrapper.framework; name = JavaScriptCore.framework; path = System/Library/Frameworks/JavaScriptCore.framework; sourceTree = SDKROOT; };
		393E1ACE177816990063A593 /* NJJavascriptInterpreter.h */ = {isa = PBXFileReference; lastKnownFileType = sourcecode.c.h; path = NJJavascriptInterpreter.h; sourceTree = "<group>"; };
		393E1ACF177816990063A593 /* NJJavascriptInterpreter.m */ = {isa = PBXFileReference; lastKnownFileType = sourcecode.c.objc; path = NJJavascriptInterpreter.m; sourceTree = "<group>"; };
		3944D61117783CEB00240908 /* NJView.h */ = {isa = PBXFileReference; lastKnownFileType = sourcecode.c.h; path = NJView.h; sourceTree = "<group>"; };
		3944D61217783CEB00240908 /* NJView.m */ = {isa = PBXFileReference; lastKnownFileType = sourcecode.c.objc; path = NJView.m; sourceTree = "<group>"; };
		39725EB61779800F005CA47E /* clock.js */ = {isa = PBXFileReference; lastKnownFileType = sourcecode.javascript; path = clock.js; sourceTree = "<group>"; };
		39725EBD1779A1C4005CA47E /* apple.png */ = {isa = PBXFileReference; lastKnownFileType = image.png; path = apple.png; sourceTree = "<group>"; };
		39725EBF177A8FDF005CA47E /* checkeredFlag.js */ = {isa = PBXFileReference; lastKnownFileType = sourcecode.javascript; path = checkeredFlag.js; sourceTree = "<group>"; };
/* End PBXFileReference section */

/* Begin PBXFrameworksBuildPhase section */
		393E1A8E1777FC7A0063A593 /* Frameworks */ = {
			isa = PBXFrameworksBuildPhase;
			buildActionMask = 2147483647;
			files = (
				393E1ACD177815AC0063A593 /* JavaScriptCore.framework in Frameworks */,
				393E1A971777FC7A0063A593 /* CoreGraphics.framework in Frameworks */,
				393E1A991777FC7A0063A593 /* UIKit.framework in Frameworks */,
				393E1A951777FC7A0063A593 /* Foundation.framework in Frameworks */,
			);
			runOnlyForDeploymentPostprocessing = 0;
		};
		393E1AB21777FC7A0063A593 /* Frameworks */ = {
			isa = PBXFrameworksBuildPhase;
			buildActionMask = 2147483647;
			files = (
				393E1AB71777FC7B0063A593 /* XCTest.framework in Frameworks */,
				393E1AB91777FC7B0063A593 /* UIKit.framework in Frameworks */,
				393E1AB81777FC7B0063A593 /* Foundation.framework in Frameworks */,
			);
			runOnlyForDeploymentPostprocessing = 0;
		};
/* End PBXFrameworksBuildPhase section */

/* Begin PBXGroup section */
		393E1A881777FC7A0063A593 = {
			isa = PBXGroup;
			children = (
				3944D60917781CC800240908 /* script */,
				393E1A9A1777FC7A0063A593 /* JSProcessing */,
				393E1ABC1777FC7B0063A593 /* JSProcessingTests */,
				393E1A931777FC7A0063A593 /* Frameworks */,
				393E1A921777FC7A0063A593 /* Products */,
			);
			sourceTree = "<group>";
		};
		393E1A921777FC7A0063A593 /* Products */ = {
			isa = PBXGroup;
			children = (
				393E1A911777FC7A0063A593 /* JSProcessing.app */,
				393E1AB51777FC7A0063A593 /* JSProcessingTests.xctest */,
			);
			name = Products;
			sourceTree = "<group>";
		};
		393E1A931777FC7A0063A593 /* Frameworks */ = {
			isa = PBXGroup;
			children = (
				393E1ACC177815AC0063A593 /* JavaScriptCore.framework */,
				393E1A941777FC7A0063A593 /* Foundation.framework */,
				393E1A961777FC7A0063A593 /* CoreGraphics.framework */,
				393E1A981777FC7A0063A593 /* UIKit.framework */,
				393E1AB61777FC7A0063A593 /* XCTest.framework */,
			);
			name = Frameworks;
			sourceTree = "<group>";
		};
		393E1A9A1777FC7A0063A593 /* JSProcessing */ = {
			isa = PBXGroup;
			children = (
				39725EB117793845005CA47E /* Views */,
				39725EB01779382F005CA47E /* Controllers */,
				393E1AA31777FC7A0063A593 /* NJAppDelegate.h */,
				393E1AA41777FC7A0063A593 /* NJAppDelegate.m */,
				393E1AA61777FC7A0063A593 /* Main.storyboard */,
				393E1AAF1777FC7A0063A593 /* Images.xcassets */,
				393E1A9B1777FC7A0063A593 /* Supporting Files */,
			);
			path = JSProcessing;
			sourceTree = "<group>";
		};
		393E1A9B1777FC7A0063A593 /* Supporting Files */ = {
			isa = PBXGroup;
			children = (
				39725EBF177A8FDF005CA47E /* checkeredFlag.js */,
				39725EB61779800F005CA47E /* clock.js */,
				39725EBD1779A1C4005CA47E /* apple.png */,
				393E1A9C1777FC7A0063A593 /* JSProcessing-Info.plist */,
				393E1A9D1777FC7A0063A593 /* InfoPlist.strings */,
				393E1AA01777FC7A0063A593 /* main.m */,
				393E1AA21777FC7A0063A593 /* JSProcessing-Prefix.pch */,
			);
			name = "Supporting Files";
			sourceTree = "<group>";
		};
		393E1ABC1777FC7B0063A593 /* JSProcessingTests */ = {
			isa = PBXGroup;
			children = (
				393E1AC21777FC7B0063A593 /* JSProcessingTests.m */,
				393E1ABD1777FC7B0063A593 /* Supporting Files */,
			);
			path = JSProcessingTests;
			sourceTree = "<group>";
		};
		393E1ABD1777FC7B0063A593 /* Supporting Files */ = {
			isa = PBXGroup;
			children = (
				393E1ABE1777FC7B0063A593 /* JSProcessingTests-Info.plist */,
				393E1ABF1777FC7B0063A593 /* InfoPlist.strings */,
			);
			name = "Supporting Files";
			sourceTree = "<group>";
		};
		3944D60917781CC800240908 /* script */ = {
			isa = PBXGroup;
			children = (
			);
			name = script;
			path = JSProcessing;
			sourceTree = "<group>";
		};
		39725EB01779382F005CA47E /* Controllers */ = {
			isa = PBXGroup;
			children = (
				393E1AA91777FC7A0063A593 /* NJFirstViewController.h */,
				393E1AAA1777FC7A0063A593 /* NJFirstViewController.m */,
				393E1AAC1777FC7A0063A593 /* NJSecondViewController.h */,
				393E1AAD1777FC7A0063A593 /* NJSecondViewController.m */,
				393E1ACE177816990063A593 /* NJJavascriptInterpreter.h */,
				393E1ACF177816990063A593 /* NJJavascriptInterpreter.m */,
			);
			name = Controllers;
			sourceTree = "<group>";
		};
		39725EB117793845005CA47E /* Views */ = {
			isa = PBXGroup;
			children = (
				3944D61117783CEB00240908 /* NJView.h */,
				3944D61217783CEB00240908 /* NJView.m */,
			);
			name = Views;
			sourceTree = "<group>";
		};
/* End PBXGroup section */

/* Begin PBXNativeTarget section */
		393E1A901777FC7A0063A593 /* JSProcessing */ = {
			isa = PBXNativeTarget;
			buildConfigurationList = 393E1AC61777FC7B0063A593 /* Build configuration list for PBXNativeTarget "JSProcessing" */;
			buildPhases = (
				393E1A8D1777FC7A0063A593 /* Sources */,
				393E1A8E1777FC7A0063A593 /* Frameworks */,
				393E1A8F1777FC7A0063A593 /* Resources */,
			);
			buildRules = (
			);
			dependencies = (
			);
			name = JSProcessing;
			productName = JSProcessing;
			productReference = 393E1A911777FC7A0063A593 /* JSProcessing.app */;
			productType = "com.apple.product-type.application";
		};
		393E1AB41777FC7A0063A593 /* JSProcessingTests */ = {
			isa = PBXNativeTarget;
			buildConfigurationList = 393E1AC91777FC7B0063A593 /* Build configuration list for PBXNativeTarget "JSProcessingTests" */;
			buildPhases = (
				393E1AB11777FC7A0063A593 /* Sources */,
				393E1AB21777FC7A0063A593 /* Frameworks */,
				393E1AB31777FC7A0063A593 /* Resources */,
			);
			buildRules = (
			);
			dependencies = (
				393E1ABB1777FC7B0063A593 /* PBXTargetDependency */,
			);
			name = JSProcessingTests;
			productName = JSProcessingTests;
			productReference = 393E1AB51777FC7A0063A593 /* JSProcessingTests.xctest */;
			productType = "com.apple.product-type.bundle.unit-test";
		};
/* End PBXNativeTarget section */

/* Begin PBXProject section */
		393E1A891777FC7A0063A593 /* Project object */ = {
			isa = PBXProject;
			attributes = {
				CLASSPREFIX = NJ;
				LastUpgradeCheck = 0500;
				TargetAttributes = {
					393E1AB41777FC7A0063A593 = {
						TestTargetID = 393E1A901777FC7A0063A593;
					};
				};
			};
			buildConfigurationList = 393E1A8C1777FC7A0063A593 /* Build configuration list for PBXProject "JSProcessing" */;
			compatibilityVersion = "Xcode 3.2";
			developmentRegion = English;
			hasScannedForEncodings = 0;
			knownRegions = (
				en,
				Base,
			);
			mainGroup = 393E1A881777FC7A0063A593;
			productRefGroup = 393E1A921777FC7A0063A593 /* Products */;
			projectDirPath = "";
			projectRoot = "";
			targets = (
				393E1A901777FC7A0063A593 /* JSProcessing */,
				393E1AB41777FC7A0063A593 /* JSProcessingTests */,
			);
		};
/* End PBXProject section */

/* Begin PBXResourcesBuildPhase section */
		393E1A8F1777FC7A0063A593 /* Resources */ = {
			isa = PBXResourcesBuildPhase;
			buildActionMask = 2147483647;
			files = (
				39725EC0177A8FEB005CA47E /* checkeredFlag.js in Resources */,
				39725EB717798164005CA47E /* clock.js in Resources */,
				393E1AB01777FC7A0063A593 /* Images.xcassets in Resources */,
				393E1A9F1777FC7A0063A593 /* InfoPlist.strings in Resources */,
				39725EBE1779A1C4005CA47E /* apple.png in Resources */,
				393E1AA81777FC7A0063A593 /* Main.storyboard in Resources */,
			);
			runOnlyForDeploymentPostprocessing = 0;
		};
		393E1AB31777FC7A0063A593 /* Resources */ = {
			isa = PBXResourcesBuildPhase;
			buildActionMask = 2147483647;
			files = (
				393E1AC11777FC7B0063A593 /* InfoPlist.strings in Resources */,
			);
			runOnlyForDeploymentPostprocessing = 0;
		};
/* End PBXResourcesBuildPhase section */

/* Begin PBXSourcesBuildPhase section */
		393E1A8D1777FC7A0063A593 /* Sources */ = {
			isa = PBXSourcesBuildPhase;
			buildActionMask = 2147483647;
			files = (
				3944D61317783FFE00240908 /* NJView.m in Sources */,
				393E1AD017781B840063A593 /* NJJavascriptInterpreter.m in Sources */,
				393E1AA51777FC7A0063A593 /* NJAppDelegate.m in Sources */,
				393E1AAB1777FC7A0063A593 /* NJFirstViewController.m in Sources */,
				393E1AAE1777FC7A0063A593 /* NJSecondViewController.m in Sources */,
				393E1AA11777FC7A0063A593 /* main.m in Sources */,
			);
			runOnlyForDeploymentPostprocessing = 0;
		};
		393E1AB11777FC7A0063A593 /* Sources */ = {
			isa = PBXSourcesBuildPhase;
			buildActionMask = 2147483647;
			files = (
				393E1AC31777FC7B0063A593 /* JSProcessingTests.m in Sources */,
			);
			runOnlyForDeploymentPostprocessing = 0;
		};
/* End PBXSourcesBuildPhase section */

/* Begin PBXTargetDependency section */
		393E1ABB1777FC7B0063A593 /* PBXTargetDependency */ = {
			isa = PBXTargetDependency;
			target = 393E1A901777FC7A0063A593 /* JSProcessing */;
			targetProxy = 393E1ABA1777FC7B0063A593 /* PBXContainerItemProxy */;
		};
/* End PBXTargetDependency section */

/* Begin PBXVariantGroup section */
		393E1A9D1777FC7A0063A593 /* InfoPlist.strings */ = {
			isa = PBXVariantGroup;
			children = (
				393E1A9E1777FC7A0063A593 /* en */,
			);
			name = InfoPlist.strings;
			sourceTree = "<group>";
		};
		393E1AA61777FC7A0063A593 /* Main.storyboard */ = {
			isa = PBXVariantGroup;
			children = (
				393E1AA71777FC7A0063A593 /* Base */,
			);
			name = Main.storyboard;
			sourceTree = "<group>";
		};
		393E1ABF1777FC7B0063A593 /* InfoPlist.strings */ = {
			isa = PBXVariantGroup;
			children = (
				393E1AC01777FC7B0063A593 /* en */,
			);
			name = InfoPlist.strings;
			sourceTree = "<group>";
		};
/* End PBXVariantGroup section */

/* Begin XCBuildConfiguration section */
		393E1AC41777FC7B0063A593 /* Debug */ = {
			isa = XCBuildConfiguration;
			buildSettings = {
				ALWAYS_SEARCH_USER_PATHS = NO;
				CLANG_CXX_LANGUAGE_STANDARD = "gnu++0x";
				CLANG_CXX_LIBRARY = "libc++";
				CLANG_ENABLE_MODULES = YES;
				CLANG_ENABLE_OBJC_ARC = YES;
				CLANG_WARN_BOOL_CONVERSION = YES;
				CLANG_WARN_CONSTANT_CONVERSION = YES;
				CLANG_WARN_DIRECT_OBJC_ISA_USAGE = YES_ERROR;
				CLANG_WARN_EMPTY_BODY = YES;
				CLANG_WARN_ENUM_CONVERSION = YES;
				CLANG_WARN_INT_CONVERSION = YES;
				CLANG_WARN_OBJC_ROOT_CLASS = YES_ERROR;
				CLANG_WARN__DUPLICATE_METHOD_MATCH = YES;
				"CODE_SIGN_IDENTITY[sdk=iphoneos*]" = "iPhone Developer";
				COPY_PHASE_STRIP = NO;
				GCC_C_LANGUAGE_STANDARD = gnu99;
				GCC_DYNAMIC_NO_PIC = NO;
				GCC_OPTIMIZATION_LEVEL = 0;
				GCC_PREPROCESSOR_DEFINITIONS = (
					"DEBUG=1",
					"$(inherited)",
				);
				GCC_SYMBOLS_PRIVATE_EXTERN = NO;
				GCC_WARN_ABOUT_RETURN_TYPE = YES_ERROR;
				GCC_WARN_UNDECLARED_SELECTOR = YES;
				GCC_WARN_UNINITIALIZED_AUTOS = YES;
				GCC_WARN_UNUSED_FUNCTION = YES;
				GCC_WARN_UNUSED_VARIABLE = YES;
				IPHONEOS_DEPLOYMENT_TARGET = 7.0;
				ONLY_ACTIVE_ARCH = YES;
				SDKROOT = iphoneos;
			};
			name = Debug;
		};
		393E1AC51777FC7B0063A593 /* Release */ = {
			isa = XCBuildConfiguration;
			buildSettings = {
				ALWAYS_SEARCH_USER_PATHS = NO;
				CLANG_CXX_LANGUAGE_STANDARD = "gnu++0x";
				CLANG_CXX_LIBRARY = "libc++";
				CLANG_ENABLE_MODULES = YES;
				CLANG_ENABLE_OBJC_ARC = YES;
				CLANG_WARN_BOOL_CONVERSION = YES;
				CLANG_WARN_CONSTANT_CONVERSION = YES;
				CLANG_WARN_DIRECT_OBJC_ISA_USAGE = YES_ERROR;
				CLANG_WARN_EMPTY_BODY = YES;
				CLANG_WARN_ENUM_CONVERSION = YES;
				CLANG_WARN_INT_CONVERSION = YES;
				CLANG_WARN_OBJC_ROOT_CLASS = YES_ERROR;
				CLANG_WARN__DUPLICATE_METHOD_MATCH = YES;
				"CODE_SIGN_IDENTITY[sdk=iphoneos*]" = "iPhone Developer";
				COPY_PHASE_STRIP = YES;
				ENABLE_NS_ASSERTIONS = NO;
				GCC_C_LANGUAGE_STANDARD = gnu99;
				GCC_WARN_ABOUT_RETURN_TYPE = YES_ERROR;
				GCC_WARN_UNDECLARED_SELECTOR = YES;
				GCC_WARN_UNINITIALIZED_AUTOS = YES;
				GCC_WARN_UNUSED_FUNCTION = YES;
				GCC_WARN_UNUSED_VARIABLE = YES;
				IPHONEOS_DEPLOYMENT_TARGET = 7.0;
				SDKROOT = iphoneos;
				VALIDATE_PRODUCT = YES;
			};
			name = Release;
		};
		393E1AC71777FC7B0063A593 /* Debug */ = {
			isa = XCBuildConfiguration;
			buildSettings = {
				ASSETCATALOG_COMPILER_APPICON_NAME = AppIcon;
				ASSETCATALOG_COMPILER_LAUNCHIMAGE_NAME = LaunchImage;
				GCC_PRECOMPILE_PREFIX_HEADER = YES;
				GCC_PREFIX_HEADER = "JSProcessing/JSProcessing-Prefix.pch";
				INFOPLIST_FILE = "JSProcessing/JSProcessing-Info.plist";
				PRODUCT_NAME = "$(TARGET_NAME)";
				WRAPPER_EXTENSION = app;
			};
			name = Debug;
		};
		393E1AC81777FC7B0063A593 /* Release */ = {
			isa = XCBuildConfiguration;
			buildSettings = {
				ASSETCATALOG_COMPILER_APPICON_NAME = AppIcon;
				ASSETCATALOG_COMPILER_LAUNCHIMAGE_NAME = LaunchImage;
				GCC_PRECOMPILE_PREFIX_HEADER = YES;
				GCC_PREFIX_HEADER = "JSProcessing/JSProcessing-Prefix.pch";
				INFOPLIST_FILE = "JSProcessing/JSProcessing-Info.plist";
				PRODUCT_NAME = "$(TARGET_NAME)";
				WRAPPER_EXTENSION = app;
			};
			name = Release;
		};
		393E1ACA1777FC7B0063A593 /* Debug */ = {
			isa = XCBuildConfiguration;
			buildSettings = {
				BUNDLE_LOADER = "$(BUILT_PRODUCTS_DIR)/JSProcessing.app/JSProcessing";
				FRAMEWORK_SEARCH_PATHS = (
					"$(SDKROOT)/Developer/Library/Frameworks",
					"$(inherited)",
					"$(SYSTEM_APPS_DIR)/Xcode5-DP.app/Contents/Developer/Library/Frameworks",
				);
				GCC_PRECOMPILE_PREFIX_HEADER = YES;
				GCC_PREFIX_HEADER = "JSProcessing/JSProcessing-Prefix.pch";
				GCC_PREPROCESSOR_DEFINITIONS = (
					"DEBUG=1",
					"$(inherited)",
				);
				INFOPLIST_FILE = "JSProcessingTests/JSProcessingTests-Info.plist";
				PRODUCT_NAME = "$(TARGET_NAME)";
				TEST_HOST = "$(BUNDLE_LOADER)";
				WRAPPER_EXTENSION = xctest;
			};
			name = Debug;
		};
		393E1ACB1777FC7B0063A593 /* Release */ = {
			isa = XCBuildConfiguration;
			buildSettings = {
				BUNDLE_LOADER = "$(BUILT_PRODUCTS_DIR)/JSProcessing.app/JSProcessing";
				FRAMEWORK_SEARCH_PATHS = (
					"$(SDKROOT)/Developer/Library/Frameworks",
					"$(inherited)",
					"$(SYSTEM_APPS_DIR)/Xcode5-DP.app/Contents/Developer/Library/Frameworks",
				);
				GCC_PRECOMPILE_PREFIX_HEADER = YES;
				GCC_PREFIX_HEADER = "JSProcessing/JSProcessing-Prefix.pch";
				INFOPLIST_FILE = "JSProcessingTests/JSProcessingTests-Info.plist";
				PRODUCT_NAME = "$(TARGET_NAME)";
				TEST_HOST = "$(BUNDLE_LOADER)";
				WRAPPER_EXTENSION = xctest;
			};
			name = Release;
		};
/* End XCBuildConfiguration section */

/* Begin XCConfigurationList section */
		393E1A8C1777FC7A0063A593 /* Build configuration list for PBXProject "JSProcessing" */ = {
			isa = XCConfigurationList;
			buildConfigurations = (
				393E1AC41777FC7B0063A593 /* Debug */,
				393E1AC51777FC7B0063A593 /* Release */,
			);
			defaultConfigurationIsVisible = 0;
			defaultConfigurationName = Release;
		};
		393E1AC61777FC7B0063A593 /* Build configuration list for PBXNativeTarget "JSProcessing" */ = {
			isa = XCConfigurationList;
			buildConfigurations = (
				393E1AC71777FC7B0063A593 /* Debug */,
				393E1AC81777FC7B0063A593 /* Release */,
			);
			defaultConfigurationIsVisible = 0;
			defaultConfigurationName = Release;
		};
		393E1AC91777FC7B0063A593 /* Build configuration list for PBXNativeTarget "JSProcessingTests" */ = {
			isa = XCConfigurationList;
			buildConfigurations = (
				393E1ACA1777FC7B0063A593 /* Debug */,
				393E1ACB1777FC7B0063A593 /* Release */,
			);
			defaultConfigurationIsVisible = 0;
			defaultConfigurationName = Release;
		};
/* End XCConfigurationList section */
	};
	rootObject = 393E1A891777FC7A0063A593 /* Project object */;
}
